
Microsoft Visual Studio Solution File, Format Version 12.00
# Visual Studio Version 16
VisualStudioVersion = 16.0.30011.22
MinimumVisualStudioVersion = 10.0.40219.1
Project("{FAE04EC0-301F-11D3-BF4B-00C04F79EFBC}") = "AutomationIDE", "AutomationIDE.csproj", "{ACC58FB5-B81F-480D-B5A4-81B220D41062}"
EndProject
Project("{FAE04EC0-301F-11D3-BF4B-00C04F79EFBC}") = "AutomationIDELibrary", "AutomationIDELibrary\AutomationIDELibrary.csproj", "{8E81A5D0-F229-4389-AA5F-5962F27122C8}"
EndProject
Project("{FAE04EC0-301F-11D3-BF4B-00C04F79EFBC}") = "AutomationIDECompiler", "AutomationIDECompiler\AutomationIDECompiler.csproj", "{83DDF9B2-2031-446F-A22D-02AA5FBBD250}"
EndProject
Global
	GlobalSection(SolutionConfigurationPlatforms) = preSolution
		Debug|Any CPU = Debug|Any CPU
		Release|Any CPU = Release|Any CPU
	EndGlobalSection
	GlobalSection(ProjectConfigurationPlatforms) = postSolution
		{ACC58FB5-B81F-480D-B5A4-81B220D41062}.Debug|Any CPU.ActiveCfg = Debug|Any CPU
		{ACC58FB5-B81F-480D-B5A4-81B220D41062}.Debug|Any CPU.Build.0 = Debug|Any CPU
		{ACC58FB5-B81F-480D-B5A4-81B220D41062}.Release|Any CPU.ActiveCfg = Release|Any CPU
		{ACC58FB5-B81F-480D-B5A4-81B220D41062}.Release|Any CPU.Build.0 = Release|Any CPU
		{8E81A5D0-F229-4389-AA5F-5962F27122C8}.Debug|Any CPU.ActiveCfg = Debug|Any CPU
		{8E81A5D0-F229-4389-AA5F-5962F27122C8}.Debug|Any CPU.Build.0 = Debug|Any CPU
		{8E81A5D0-F229-4389-AA5F-5962F27122C8}.Release|Any CPU.ActiveCfg = Release|Any CPU
		{8E81A5D0-F229-4389-AA5F-5962F27122C8}.Release|Any CPU.Build.0 = Release|Any CPU
		{83DDF9B2-2031-446F-A22D-02AA5FBBD250}.Debug|Any CPU.ActiveCfg = Debug|Any CPU
		{83DDF9B2-2031-446F-A22D-02AA5FBBD250}.Debug|Any CPU.Build.0 = Debug|Any CPU
		{83DDF9B2-2031-446F-A22D-02AA5FBBD250}.Release|Any CPU.ActiveCfg = Release|Any CPU
		{83DDF9B2-2031-446F-A22D-02AA5FBBD250}.Release|Any CPU.Build.0 = Release|Any CPU
	EndGlobalSection
	GlobalSection(SolutionProperties) = preSolution
		HideSolutionNode = FALSE
	EndGlobalSection
	GlobalSection(ExtensibilityGlobals) = postSolution
		SolutionGuid = {62154216-4F36-46D6-B17D-535412CC41BC}
	EndGlobalSection
EndGlobal
